
Microsoft Visual Studio Solution File, Format Version 12.00
# Visual Studio Version 17
VisualStudioVersion = 17.8.34322.80
MinimumVisualStudioVersion = 10.0.40219.1
Project("{FAE04EC0-301F-11D3-BF4B-00C04F79EFBC}") = "Octree Color Quantization WinForms", "Octree Color Quantization WinForms\Octree Color Quantization WinForms.csproj", "{BD6FA9C0-53A3-446E-A28E-9F6A79ECA109}"
EndProject
Global
	GlobalSection(SolutionConfigurationPlatforms) = preSolution
		Debug|Any CPU = Debug|Any CPU
		Release|Any CPU = Release|Any CPU
	EndGlobalSection
	GlobalSection(ProjectConfigurationPlatforms) = postSolution
		{BD6FA9C0-53A3-446E-A28E-9F6A79ECA109}.Debug|Any CPU.ActiveCfg = Debug|Any CPU
		{BD6FA9C0-53A3-446E-A28E-9F6A79ECA109}.Debug|Any CPU.Build.0 = Debug|Any CPU
		{BD6FA9C0-53A3-446E-A28E-9F6A79ECA109}.Release|Any CPU.ActiveCfg = Release|Any CPU
		{BD6FA9C0-53A3-446E-A28E-9F6A79ECA109}.Release|Any CPU.Build.0 = Release|Any CPU
	EndGlobalSection
	GlobalSection(SolutionProperties) = preSolution
		HideSolutionNode = FALSE
	EndGlobalSection
	GlobalSection(ExtensibilityGlobals) = postSolution
		SolutionGuid = {764926D3-CE51-405D-AA16-6782F2F5AA37}
	EndGlobalSection
EndGlobal
